// !$*UTF8*$!
{
	archiveVersion = 1;
	classes = {
	};
	objectVersion = 46;
	objects = {

/* Begin PBXBuildFile section */
		339A412D1ED678D0005170B2 /* main.m in Sources */ = {isa = PBXBuildFile; fileRef = 339A412C1ED678D0005170B2 /* main.m */; };
		339A41301ED678D0005170B2 /* AppDelegate.m in Sources */ = {isa = PBXBuildFile; fileRef = 339A412F1ED678D0005170B2 /* AppDelegate.m */; };
		339A41331ED678D0005170B2 /* ViewController.m in Sources */ = {isa = PBXBuildFile; fileRef = 339A41321ED678D0005170B2 /* ViewController.m */; };
		339A41361ED678D0005170B2 /* Main.storyboard in Resources */ = {isa = PBXBuildFile; fileRef = 339A41341ED678D0005170B2 /* Main.storyboard */; };
		339A41381ED678D0005170B2 /* Assets.xcassets in Resources */ = {isa = PBXBuildFile; fileRef = 339A41371ED678D0005170B2 /* Assets.xcassets */; };
		339A413B1ED678D0005170B2 /* LaunchScreen.storyboard in Resources */ = {isa = PBXBuildFile; fileRef = 339A41391ED678D0005170B2 /* LaunchScreen.storyboard */; };
		339A41441ED67DEA005170B2 /* Calculator.m in Sources */ = {isa = PBXBuildFile; fileRef = 339A41431ED67DEA005170B2 /* Calculator.m */; };
		339A414C1ED682E3005170B2 /* XCDemoTests.m in Sources */ = {isa = PBXBuildFile; fileRef = 339A414B1ED682E3005170B2 /* XCDemoTests.m */; };
		339A41541ED691D3005170B2 /* TableValidationTests.m in Sources */ = {isa = PBXBuildFile; fileRef = 339A41531ED691D3005170B2 /* TableValidationTests.m */; };
		339A41571ED69202005170B2 /* Table.m in Sources */ = {isa = PBXBuildFile; fileRef = 339A41561ED69202005170B2 /* Table.m */; };
/* End PBXBuildFile section */

/* Begin PBXContainerItemProxy section */
		339A414E1ED682E3005170B2 /* PBXContainerItemProxy */ = {
			isa = PBXContainerItemProxy;
			containerPortal = 339A41201ED678D0005170B2 /* Project object */;
			proxyType = 1;
			remoteGlobalIDString = 339A41271ED678D0005170B2;
			remoteInfo = XCTestDemo;
		};
/* End PBXContainerItemProxy section */

/* Begin PBXFileReference section */
		339A41281ED678D0005170B2 /* XCTestDemo.app */ = {isa = PBXFileReference; explicitFileType = wrapper.application; includeInIndex = 0; path = XCTestDemo.app; sourceTree = BUILT_PRODUCTS_DIR; };
		339A412C1ED678D0005170B2 /* main.m */ = {isa = PBXFileReference; lastKnownFileType = sourcecode.c.objc; path = main.m; sourceTree = "<group>"; };
		339A412E1ED678D0005170B2 /* AppDelegate.h */ = {isa = PBXFileReference; lastKnownFileType = sourcecode.c.h; path = AppDelegate.h; sourceTree = "<group>"; };
		339A412F1ED678D0005170B2 /* AppDelegate.m */ = {isa = PBXFileReference; lastKnownFileType = sourcecode.c.objc; path = AppDelegate.m; sourceTree = "<group>"; };
		339A41311ED678D0005170B2 /* ViewController.h */ = {isa = PBXFileReference; lastKnownFileType = sourcecode.c.h; path = ViewController.h; sourceTree = "<group>"; };
		339A41321ED678D0005170B2 /* ViewController.m */ = {isa = PBXFileReference; lastKnownFileType = sourcecode.c.objc; path = ViewController.m; sourceTree = "<group>"; };
		339A41351ED678D0005170B2 /* Base */ = {isa = PBXFileReference; lastKnownFileType = file.storyboard; name = Base; path = Base.lproj/Main.storyboard; sourceTree = "<group>"; };
		339A41371ED678D0005170B2 /* Assets.xcassets */ = {isa = PBXFileReference; lastKnownFileType = folder.assetcatalog; path = Assets.xcassets; sourceTree = "<group>"; };
		339A413A1ED678D0005170B2 /* Base */ = {isa = PBXFileReference; lastKnownFileType = file.storyboard; name = Base; path = Base.lproj/LaunchScreen.storyboard; sourceTree = "<group>"; };
		339A413C1ED678D0005170B2 /* Info.plist */ = {isa = PBXFileReference; lastKnownFileType = text.plist.xml; path = Info.plist; sourceTree = "<group>"; };
		339A41421ED67DEA005170B2 /* Calculator.h */ = {isa = PBXFileReference; fileEncoding = 4; lastKnownFileType = sourcecode.c.h; path = Calculator.h; sourceTree = "<group>"; };
		339A41431ED67DEA005170B2 /* Calculator.m */ = {isa = PBXFileReference; fileEncoding = 4; lastKnownFileType = sourcecode.c.objc; path = Calculator.m; sourceTree = "<group>"; };
		339A41491ED682E3005170B2 /* XCDemoTests.xctest */ = {isa = PBXFileReference; explicitFileType = wrapper.cfbundle; includeInIndex = 0; path = XCDemoTests.xctest; sourceTree = BUILT_PRODUCTS_DIR; };
		339A414B1ED682E3005170B2 /* XCDemoTests.m */ = {isa = PBXFileReference; lastKnownFileType = sourcecode.c.objc; path = XCDemoTests.m; sourceTree = "<group>"; };
		339A414D1ED682E3005170B2 /* Info.plist */ = {isa = PBXFileReference; lastKnownFileType = text.plist.xml; path = Info.plist; sourceTree = "<group>"; };
		339A41531ED691D3005170B2 /* TableValidationTests.m */ = {isa = PBXFileReference; fileEncoding = 4; lastKnownFileType = sourcecode.c.objc; path = TableValidationTests.m; sourceTree = "<group>"; };
		339A41551ED69202005170B2 /* Table.h */ = {isa = PBXFileReference; fileEncoding = 4; lastKnownFileType = sourcecode.c.h; path = Table.h; sourceTree = "<group>"; };
		339A41561ED69202005170B2 /* Table.m */ = {isa = PBXFileReference; fileEncoding = 4; lastKnownFileType = sourcecode.c.objc; path = Table.m; sourceTree = "<group>"; };
/* End PBXFileReference section */

/* Begin PBXFrameworksBuildPhase section */
		339A41251ED678D0005170B2 /* Frameworks */ = {
			isa = PBXFrameworksBuildPhase;
			buildActionMask = 2147483647;
			files = (
			);
			runOnlyForDeploymentPostprocessing = 0;
		};
		339A41461ED682E3005170B2 /* Frameworks */ = {
			isa = PBXFrameworksBuildPhase;
			buildActionMask = 2147483647;
			files = (
			);
			runOnlyForDeploymentPostprocessing = 0;
		};
/* End PBXFrameworksBuildPhase section */

/* Begin PBXGroup section */
		339A411F1ED678D0005170B2 = {
			isa = PBXGroup;
			children = (
				339A412A1ED678D0005170B2 /* XCTestDemo */,
				339A414A1ED682E3005170B2 /* XCDemoTests */,
				339A41291ED678D0005170B2 /* Products */,
			);
			sourceTree = "<group>";
		};
		339A41291ED678D0005170B2 /* Products */ = {
			isa = PBXGroup;
			children = (
				339A41281ED678D0005170B2 /* XCTestDemo.app */,
				339A41491ED682E3005170B2 /* XCDemoTests.xctest */,
			);
			name = Products;
			sourceTree = "<group>";
		};
		339A412A1ED678D0005170B2 /* XCTestDemo */ = {
			isa = PBXGroup;
			children = (
				339A412E1ED678D0005170B2 /* AppDelegate.h */,
				339A412F1ED678D0005170B2 /* AppDelegate.m */,
				339A41311ED678D0005170B2 /* ViewController.h */,
				339A41321ED678D0005170B2 /* ViewController.m */,
				339A41421ED67DEA005170B2 /* Calculator.h */,
				339A41431ED67DEA005170B2 /* Calculator.m */,
				339A41551ED69202005170B2 /* Table.h */,
				339A41561ED69202005170B2 /* Table.m */,
				339A41341ED678D0005170B2 /* Main.storyboard */,
				339A41371ED678D0005170B2 /* Assets.xcassets */,
				339A41391ED678D0005170B2 /* LaunchScreen.storyboard */,
				339A413C1ED678D0005170B2 /* Info.plist */,
				339A412B1ED678D0005170B2 /* Supporting Files */,
			);
			path = XCTestDemo;
			sourceTree = "<group>";
		};
		339A412B1ED678D0005170B2 /* Supporting Files */ = {
			isa = PBXGroup;
			children = (
				339A412C1ED678D0005170B2 /* main.m */,
			);
			name = "Supporting Files";
			sourceTree = "<group>";
		};
		339A414A1ED682E3005170B2 /* XCDemoTests */ = {
			isa = PBXGroup;
			children = (
				339A41531ED691D3005170B2 /* TableValidationTests.m */,
				339A414B1ED682E3005170B2 /* XCDemoTests.m */,
				339A414D1ED682E3005170B2 /* Info.plist */,
			);
			path = XCDemoTests;
			sourceTree = "<group>";
		};
/* End PBXGroup section */

/* Begin PBXNativeTarget section */
		339A41271ED678D0005170B2 /* XCTestDemo */ = {
			isa = PBXNativeTarget;
			buildConfigurationList = 339A413F1ED678D0005170B2 /* Build configuration list for PBXNativeTarget "XCTestDemo" */;
			buildPhases = (
				339A41241ED678D0005170B2 /* Sources */,
				339A41251ED678D0005170B2 /* Frameworks */,
				339A41261ED678D0005170B2 /* Resources */,
			);
			buildRules = (
			);
			dependencies = (
			);
			name = XCTestDemo;
			productName = XCTestDemo;
			productReference = 339A41281ED678D0005170B2 /* XCTestDemo.app */;
			productType = "com.apple.product-type.application";
		};
		339A41481ED682E3005170B2 /* XCDemoTests */ = {
			isa = PBXNativeTarget;
			buildConfigurationList = 339A41501ED682E3005170B2 /* Build configuration list for PBXNativeTarget "XCDemoTests" */;
			buildPhases = (
				339A41451ED682E3005170B2 /* Sources */,
				339A41461ED682E3005170B2 /* Frameworks */,
				339A41471ED682E3005170B2 /* Resources */,
			);
			buildRules = (
			);
			dependencies = (
				339A414F1ED682E3005170B2 /* PBXTargetDependency */,
			);
			name = XCDemoTests;
			productName = XCDemoTests;
			productReference = 339A41491ED682E3005170B2 /* XCDemoTests.xctest */;
			productType = "com.apple.product-type.bundle.unit-test";
		};
/* End PBXNativeTarget section */

/* Begin PBXProject section */
		339A41201ED678D0005170B2 /* Project object */ = {
			isa = PBXProject;
			attributes = {
				LastUpgradeCheck = 0830;
				ORGANIZATIONNAME = HuiDragon;
				TargetAttributes = {
					339A41271ED678D0005170B2 = {
						CreatedOnToolsVersion = 8.3.2;
						DevelopmentTeam = M5XL9822J2;
						ProvisioningStyle = Automatic;
					};
					339A41481ED682E3005170B2 = {
						CreatedOnToolsVersion = 8.3.2;
						DevelopmentTeam = M5XL9822J2;
						ProvisioningStyle = Automatic;
						TestTargetID = 339A41271ED678D0005170B2;
					};
				};
			};
			buildConfigurationList = 339A41231ED678D0005170B2 /* Build configuration list for PBXProject "XCTestDemo" */;
			compatibilityVersion = "Xcode 3.2";
			developmentRegion = English;
			hasScannedForEncodings = 0;
			knownRegions = (
				en,
				Base,
			);
			mainGroup = 339A411F1ED678D0005170B2;
			productRefGroup = 339A41291ED678D0005170B2 /* Products */;
			projectDirPath = "";
			projectRoot = "";
			targets = (
				339A41271ED678D0005170B2 /* XCTestDemo */,
				339A41481ED682E3005170B2 /* XCDemoTests */,
			);
		};
/* End PBXProject section */

/* Begin PBXResourcesBuildPhase section */
		339A41261ED678D0005170B2 /* Resources */ = {
			isa = PBXResourcesBuildPhase;
			buildActionMask = 2147483647;
			files = (
				339A413B1ED678D0005170B2 /* LaunchScreen.storyboard in Resources */,
				339A41381ED678D0005170B2 /* Assets.xcassets in Resources */,
				339A41361ED678D0005170B2 /* Main.storyboard in Resources */,
			);
			runOnlyForDeploymentPostprocessing = 0;
		};
		339A41471ED682E3005170B2 /* Resources */ = {
			isa = PBXResourcesBuildPhase;
			buildActionMask = 2147483647;
			files = (
			);
			runOnlyForDeploymentPostprocessing = 0;
		};
/* End PBXResourcesBuildPhase section */

/* Begin PBXSourcesBuildPhase section */
		339A41241ED678D0005170B2 /* Sources */ = {
			isa = PBXSourcesBuildPhase;
			buildActionMask = 2147483647;
			files = (
				339A41331ED678D0005170B2 /* ViewController.m in Sources */,
				339A41441ED67DEA005170B2 /* Calculator.m in Sources */,
				339A41301ED678D0005170B2 /* AppDelegate.m in Sources */,
				339A41571ED69202005170B2 /* Table.m in Sources */,
				339A412D1ED678D0005170B2 /* main.m in Sources */,
			);
			runOnlyForDeploymentPostprocessing = 0;
		};
		339A41451ED682E3005170B2 /* Sources */ = {
			isa = PBXSourcesBuildPhase;
			buildActionMask = 2147483647;
			files = (
				339A414C1ED682E3005170B2 /* XCDemoTests.m in Sources */,
				339A41541ED691D3005170B2 /* TableValidationTests.m in Sources */,
			);
			runOnlyForDeploymentPostprocessing = 0;
		};
/* End PBXSourcesBuildPhase section */

/* Begin PBXTargetDependency section */
		339A414F1ED682E3005170B2 /* PBXTargetDependency */ = {
			isa = PBXTargetDependency;
			target = 339A41271ED678D0005170B2 /* XCTestDemo */;
			targetProxy = 339A414E1ED682E3005170B2 /* PBXContainerItemProxy */;
		};
/* End PBXTargetDependency section */

/* Begin PBXVariantGroup section */
		339A41341ED678D0005170B2 /* Main.storyboard */ = {
			isa = PBXVariantGroup;
			children = (
				339A41351ED678D0005170B2 /* Base */,
			);
			name = Main.storyboard;
			sourceTree = "<group>";
		};
		339A41391ED678D0005170B2 /* LaunchScreen.storyboard */ = {
			isa = PBXVariantGroup;
			children = (
				339A413A1ED678D0005170B2 /* Base */,
			);
			name = LaunchScreen.storyboard;
			sourceTree = "<group>";
		};
/* End PBXVariantGroup section */

/* Begin XCBuildConfiguration section */
		339A413D1ED678D0005170B2 /* Debug */ = {
			isa = XCBuildConfiguration;
			buildSettings = {
				ALWAYS_SEARCH_USER_PATHS = NO;
				CLANG_ANALYZER_NONNULL = YES;
				CLANG_ANALYZER_NUMBER_OBJECT_CONVERSION = YES_AGGRESSIVE;
				CLANG_CXX_LANGUAGE_STANDARD = "gnu++0x";
				CLANG_CXX_LIBRARY = "libc++";
				CLANG_ENABLE_MODULES = YES;
				CLANG_ENABLE_OBJC_ARC = YES;
				CLANG_WARN_BOOL_CONVERSION = YES;
				CLANG_WARN_CONSTANT_CONVERSION = YES;
				CLANG_WARN_DIRECT_OBJC_ISA_USAGE = YES_ERROR;
				CLANG_WARN_DOCUMENTATION_COMMENTS = YES;
				CLANG_WARN_EMPTY_BODY = YES;
				CLANG_WARN_ENUM_CONVERSION = YES;
				CLANG_WARN_INFINITE_RECURSION = YES;
				CLANG_WARN_INT_CONVERSION = YES;
				CLANG_WARN_OBJC_ROOT_CLASS = YES_ERROR;
				CLANG_WARN_SUSPICIOUS_MOVE = YES;
				CLANG_WARN_UNREACHABLE_CODE = YES;
				CLANG_WARN__DUPLICATE_METHOD_MATCH = YES;
				"CODE_SIGN_IDENTITY[sdk=iphoneos*]" = "iPhone Developer";
				COPY_PHASE_STRIP = NO;
				DEBUG_INFORMATION_FORMAT = dwarf;
				ENABLE_STRICT_OBJC_MSGSEND = YES;
				ENABLE_TESTABILITY = YES;
				GCC_C_LANGUAGE_STANDARD = gnu99;
				GCC_DYNAMIC_NO_PIC = NO;
				GCC_NO_COMMON_BLOCKS = YES;
				GCC_OPTIMIZATION_LEVEL = 0;
				GCC_PREPROCESSOR_DEFINITIONS = (
					"DEBUG=1",
					"$(inherited)",
				);
				GCC_WARN_64_TO_32_BIT_CONVERSION = YES;
				GCC_WARN_ABOUT_RETURN_TYPE = YES_ERROR;
				GCC_WARN_UNDECLARED_SELECTOR = YES;
				GCC_WARN_UNINITIALIZED_AUTOS = YES_AGGRESSIVE;
				GCC_WARN_UNUSED_FUNCTION = YES;
				GCC_WARN_UNUSED_VARIABLE = YES;
				IPHONEOS_DEPLOYMENT_TARGET = 10.3;
				MTL_ENABLE_DEBUG_INFO = YES;
				ONLY_ACTIVE_ARCH = YES;
				SDKROOT = iphoneos;
			};
			name = Debug;
		};
		339A413E1ED678D0005170B2 /* Release */ = {
			isa = XCBuildConfiguration;
			buildSettings = {
				ALWAYS_SEARCH_USER_PATHS = NO;
				CLANG_ANALYZER_NONNULL = YES;
				CLANG_ANALYZER_NUMBER_OBJECT_CONVERSION = YES_AGGRESSIVE;
				CLANG_CXX_LANGUAGE_STANDARD = "gnu++0x";
				CLANG_CXX_LIBRARY = "libc++";
				CLANG_ENABLE_MODULES = YES;
				CLANG_ENABLE_OBJC_ARC = YES;
				CLANG_WARN_BOOL_CONVERSION = YES;
				CLANG_WARN_CONSTANT_CONVERSION = YES;
				CLANG_WARN_DIRECT_OBJC_ISA_USAGE = YES_ERROR;
				CLANG_WARN_DOCUMENTATION_COMMENTS = YES;
				CLANG_WARN_EMPTY_BODY = YES;
				CLANG_WARN_ENUM_CONVERSION = YES;
				CLANG_WARN_INFINITE_RECURSION = YES;
				CLANG_WARN_INT_CONVERSION = YES;
				CLANG_WARN_OBJC_ROOT_CLASS = YES_ERROR;
				CLANG_WARN_SUSPICIOUS_MOVE = YES;
				CLANG_WARN_UNREACHABLE_CODE = YES;
				CLANG_WARN__DUPLICATE_METHOD_MATCH = YES;
				"CODE_SIGN_IDENTITY[sdk=iphoneos*]" = "iPhone Developer";
				COPY_PHASE_STRIP = NO;
				DEBUG_INFORMATION_FORMAT = "dwarf-with-dsym";
				ENABLE_NS_ASSERTIONS = NO;
				ENABLE_STRICT_OBJC_MSGSEND = YES;
				GCC_C_LANGUAGE_STANDARD = gnu99;
				GCC_NO_COMMON_BLOCKS = YES;
				GCC_WARN_64_TO_32_BIT_CONVERSION = YES;
				GCC_WARN_ABOUT_RETURN_TYPE = YES_ERROR;
				GCC_WARN_UNDECLARED_SELECTOR = YES;
				GCC_WARN_UNINITIALIZED_AUTOS = YES_AGGRESSIVE;
				GCC_WARN_UNUSED_FUNCTION = YES;
				GCC_WARN_UNUSED_VARIABLE = YES;
				IPHONEOS_DEPLOYMENT_TARGET = 10.3;
				MTL_ENABLE_DEBUG_INFO = NO;
				SDKROOT = iphoneos;
				VALIDATE_PRODUCT = YES;
			};
			name = Release;
		};
		339A41401ED678D0005170B2 /* Debug */ = {
			isa = XCBuildConfiguration;
			buildSettings = {
				ASSETCATALOG_COMPILER_APPICON_NAME = AppIcon;
				DEVELOPMENT_TEAM = M5XL9822J2;
				INFOPLIST_FILE = XCTestDemo/Info.plist;
				LD_RUNPATH_SEARCH_PATHS = "$(inherited) @executable_path/Frameworks";
				PRODUCT_BUNDLE_IDENTIFIER = com.HuiDragon.XCTestDemo;
				PRODUCT_NAME = "$(TARGET_NAME)";
			};
			name = Debug;
		};
		339A41411ED678D0005170B2 /* Release */ = {
			isa = XCBuildConfiguration;
			buildSettings = {
				ASSETCATALOG_COMPILER_APPICON_NAME = AppIcon;
				DEVELOPMENT_TEAM = M5XL9822J2;
				INFOPLIST_FILE = XCTestDemo/Info.plist;
				LD_RUNPATH_SEARCH_PATHS = "$(inherited) @executable_path/Frameworks";
				PRODUCT_BUNDLE_IDENTIFIER = com.HuiDragon.XCTestDemo;
				PRODUCT_NAME = "$(TARGET_NAME)";
			};
			name = Release;
		};
		339A41511ED682E3005170B2 /* Debug */ = {
			isa = XCBuildConfiguration;
			buildSettings = {
				BUNDLE_LOADER = "$(TEST_HOST)";
				DEVELOPMENT_TEAM = M5XL9822J2;
				INFOPLIST_FILE = XCDemoTests/Info.plist;
				LD_RUNPATH_SEARCH_PATHS = "$(inherited) @executable_path/Frameworks @loader_path/Frameworks";
				PRODUCT_BUNDLE_IDENTIFIER = com.HuiDragon.XCDemoTests;
				PRODUCT_NAME = "$(TARGET_NAME)";
				TEST_HOST = "$(BUILT_PRODUCTS_DIR)/XCTestDemo.app/XCTestDemo";
			};
			name = Debug;
		};
		339A41521ED682E3005170B2 /* Release */ = {
			isa = XCBuildConfiguration;
			buildSettings = {
				BUNDLE_LOADER = "$(TEST_HOST)";
				DEVELOPMENT_TEAM = M5XL9822J2;
				INFOPLIST_FILE = XCDemoTests/Info.plist;
				LD_RUNPATH_SEARCH_PATHS = "$(inherited) @executable_path/Frameworks @loader_path/Frameworks";
				PRODUCT_BUNDLE_IDENTIFIER = com.HuiDragon.XCDemoTests;
				PRODUCT_NAME = "$(TARGET_NAME)";
				TEST_HOST = "$(BUILT_PRODUCTS_DIR)/XCTestDemo.app/XCTestDemo";
			};
			name = Release;
		};
/* End XCBuildConfiguration section */

/* Begin XCConfigurationList section */
		339A41231ED678D0005170B2 /* Build configuration list for PBXProject "XCTestDemo" */ = {
			isa = XCConfigurationList;
			buildConfigurations = (
				339A413D1ED678D0005170B2 /* Debug */,
				339A413E1ED678D0005170B2 /* Release */,
			);
			defaultConfigurationIsVisible = 0;
			defaultConfigurationName = Release;
		};
		339A413F1ED678D0005170B2 /* Build configuration list for PBXNativeTarget "XCTestDemo" */ = {
			isa = XCConfigurationList;
			buildConfigurations = (
				339A41401ED678D0005170B2 /* Debug */,
				339A41411ED678D0005170B2 /* Release */,
			);
			defaultConfigurationIsVisible = 0;
			defaultConfigurationName = Release;
		};
		339A41501ED682E3005170B2 /* Build configuration list for PBXNativeTarget "XCDemoTests" */ = {
			isa = XCConfigurationList;
			buildConfigurations = (
				339A41511ED682E3005170B2 /* Debug */,
				339A41521ED682E3005170B2 /* Release */,
			);
			defaultConfigurationIsVisible = 0;
			defaultConfigurationName = Release;
		};
/* End XCConfigurationList section */
	};
	rootObject = 339A41201ED678D0005170B2 /* Project object */;
}
